// !$*UTF8*$!
{
	archiveVersion = 1;
	classes = {
	};
	objectVersion = 46;
	objects = {

/* Begin PBXBuildFile section */
		33019D4819758BB300CF8C30 /* Foundation.framework in Frameworks */ = {isa = PBXBuildFile; fileRef = 33019D4719758BB300CF8C30 /* Foundation.framework */; };
		33019D4A19758BB300CF8C30 /* CoreGraphics.framework in Frameworks */ = {isa = PBXBuildFile; fileRef = 33019D4919758BB300CF8C30 /* CoreGraphics.framework */; };
		33019D4C19758BB300CF8C30 /* UIKit.framework in Frameworks */ = {isa = PBXBuildFile; fileRef = 33019D4B19758BB300CF8C30 /* UIKit.framework */; };
		33019D5219758BB300CF8C30 /* InfoPlist.strings in Resources */ = {isa = PBXBuildFile; fileRef = 33019D5019758BB300CF8C30 /* InfoPlist.strings */; };
		33019D5419758BB300CF8C30 /* main.m in Sources */ = {isa = PBXBuildFile; fileRef = 33019D5319758BB300CF8C30 /* main.m */; };
		33019D5819758BB300CF8C30 /* AppDelegate.m in Sources */ = {isa = PBXBuildFile; fileRef = 33019D5719758BB300CF8C30 /* AppDelegate.m */; };
		33019D5B19758BB300CF8C30 /* Main.storyboard in Resources */ = {isa = PBXBuildFile; fileRef = 33019D5919758BB300CF8C30 /* Main.storyboard */; };
		33019D5E19758BB300CF8C30 /* ViewController.m in Sources */ = {isa = PBXBuildFile; fileRef = 33019D5D19758BB300CF8C30 /* ViewController.m */; };
		33019D6019758BB300CF8C30 /* Images.xcassets in Resources */ = {isa = PBXBuildFile; fileRef = 33019D5F19758BB300CF8C30 /* Images.xcassets */; };
		33019D6719758BB400CF8C30 /* XCTest.framework in Frameworks */ = {isa = PBXBuildFile; fileRef = 33019D6619758BB400CF8C30 /* XCTest.framework */; };
		33019D6819758BB400CF8C30 /* Foundation.framework in Frameworks */ = {isa = PBXBuildFile; fileRef = 33019D4719758BB300CF8C30 /* Foundation.framework */; };
		33019D6919758BB400CF8C30 /* UIKit.framework in Frameworks */ = {isa = PBXBuildFile; fileRef = 33019D4B19758BB300CF8C30 /* UIKit.framework */; };
		33019D7119758BB400CF8C30 /* InfoPlist.strings in Resources */ = {isa = PBXBuildFile; fileRef = 33019D6F19758BB400CF8C30 /* InfoPlist.strings */; };
		33019D7319758BB400CF8C30 /* LedTests.m in Sources */ = {isa = PBXBuildFile; fileRef = 33019D7219758BB400CF8C30 /* LedTests.m */; };
/* End PBXBuildFile section */

/* Begin PBXContainerItemProxy section */
		33019D6A19758BB400CF8C30 /* PBXContainerItemProxy */ = {
			isa = PBXContainerItemProxy;
			containerPortal = 33019D3C19758BB300CF8C30 /* Project object */;
			proxyType = 1;
			remoteGlobalIDString = 33019D4319758BB300CF8C30;
			remoteInfo = Led;
		};
/* End PBXContainerItemProxy section */

/* Begin PBXFileReference section */
		33019D4419758BB300CF8C30 /* Led.app */ = {isa = PBXFileReference; explicitFileType = wrapper.application; includeInIndex = 0; path = Led.app; sourceTree = BUILT_PRODUCTS_DIR; };
		33019D4719758BB300CF8C30 /* Foundation.framework */ = {isa = PBXFileReference; lastKnownFileType = wrapper.framework; name = Foundation.framework; path = System/Library/Frameworks/Foundation.framework; sourceTree = SDKROOT; };
		33019D4919758BB300CF8C30 /* CoreGraphics.framework */ = {isa = PBXFileReference; lastKnownFileType = wrapper.framework; name = CoreGraphics.framework; path = System/Library/Frameworks/CoreGraphics.framework; sourceTree = SDKROOT; };
		33019D4B19758BB300CF8C30 /* UIKit.framework */ = {isa = PBXFileReference; lastKnownFileType = wrapper.framework; name = UIKit.framework; path = System/Library/Frameworks/UIKit.framework; sourceTree = SDKROOT; };
		33019D4F19758BB300CF8C30 /* Led-Info.plist */ = {isa = PBXFileReference; lastKnownFileType = text.plist.xml; path = "Led-Info.plist"; sourceTree = "<group>"; };
		33019D5119758BB300CF8C30 /* en */ = {isa = PBXFileReference; lastKnownFileType = text.plist.strings; name = en; path = en.lproj/InfoPlist.strings; sourceTree = "<group>"; };
		33019D5319758BB300CF8C30 /* main.m */ = {isa = PBXFileReference; lastKnownFileType = sourcecode.c.objc; path = main.m; sourceTree = "<group>"; };
		33019D5519758BB300CF8C30 /* Led-Prefix.pch */ = {isa = PBXFileReference; lastKnownFileType = sourcecode.c.h; path = "Led-Prefix.pch"; sourceTree = "<group>"; };
		33019D5619758BB300CF8C30 /* AppDelegate.h */ = {isa = PBXFileReference; lastKnownFileType = sourcecode.c.h; path = AppDelegate.h; sourceTree = "<group>"; };
		33019D5719758BB300CF8C30 /* AppDelegate.m */ = {isa = PBXFileReference; lastKnownFileType = sourcecode.c.objc; path = AppDelegate.m; sourceTree = "<group>"; };
		33019D5A19758BB300CF8C30 /* Base */ = {isa = PBXFileReference; lastKnownFileType = file.storyboard; name = Base; path = Base.lproj/Main.storyboard; sourceTree = "<group>"; };
		33019D5C19758BB300CF8C30 /* ViewController.h */ = {isa = PBXFileReference; lastKnownFileType = sourcecode.c.h; path = ViewController.h; sourceTree = "<group>"; };
		33019D5D19758BB300CF8C30 /* ViewController.m */ = {isa = PBXFileReference; lastKnownFileType = sourcecode.c.objc; path = ViewController.m; sourceTree = "<group>"; };
		33019D5F19758BB300CF8C30 /* Images.xcassets */ = {isa = PBXFileReference; lastKnownFileType = folder.assetcatalog; path = Images.xcassets; sourceTree = "<group>"; };
		33019D6519758BB400CF8C30 /* LedTests.xctest */ = {isa = PBXFileReference; explicitFileType = wrapper.cfbundle; includeInIndex = 0; path = LedTests.xctest; sourceTree = BUILT_PRODUCTS_DIR; };
		33019D6619758BB400CF8C30 /* XCTest.framework */ = {isa = PBXFileReference; lastKnownFileType = wrapper.framework; name = XCTest.framework; path = Library/Frameworks/XCTest.framework; sourceTree = DEVELOPER_DIR; };
		33019D6E19758BB400CF8C30 /* LedTests-Info.plist */ = {isa = PBXFileReference; lastKnownFileType = text.plist.xml; path = "LedTests-Info.plist"; sourceTree = "<group>"; };
		33019D7019758BB400CF8C30 /* en */ = {isa = PBXFileReference; lastKnownFileType = text.plist.strings; name = en; path = en.lproj/InfoPlist.strings; sourceTree = "<group>"; };
		33019D7219758BB400CF8C30 /* LedTests.m */ = {isa = PBXFileReference; lastKnownFileType = sourcecode.c.objc; path = LedTests.m; sourceTree = "<group>"; };
/* End PBXFileReference section */

/* Begin PBXFrameworksBuildPhase section */
		33019D4119758BB300CF8C30 /* Frameworks */ = {
			isa = PBXFrameworksBuildPhase;
			buildActionMask = 2147483647;
			files = (
				33019D4A19758BB300CF8C30 /* CoreGraphics.framework in Frameworks */,
				33019D4C19758BB300CF8C30 /* UIKit.framework in Frameworks */,
				33019D4819758BB300CF8C30 /* Foundation.framework in Frameworks */,
			);
			runOnlyForDeploymentPostprocessing = 0;
		};
		33019D6219758BB400CF8C30 /* Frameworks */ = {
			isa = PBXFrameworksBuildPhase;
			buildActionMask = 2147483647;
			files = (
				33019D6719758BB400CF8C30 /* XCTest.framework in Frameworks */,
				33019D6919758BB400CF8C30 /* UIKit.framework in Frameworks */,
				33019D6819758BB400CF8C30 /* Foundation.framework in Frameworks */,
			);
			runOnlyForDeploymentPostprocessing = 0;
		};
/* End PBXFrameworksBuildPhase section */

/* Begin PBXGroup section */
		33019D3B19758BB300CF8C30 = {
			isa = PBXGroup;
			children = (
				33019D4D19758BB300CF8C30 /* Led */,
				33019D6C19758BB400CF8C30 /* LedTests */,
				33019D4619758BB300CF8C30 /* Frameworks */,
				33019D4519758BB300CF8C30 /* Products */,
			);
			sourceTree = "<group>";
		};
		33019D4519758BB300CF8C30 /* Products */ = {
			isa = PBXGroup;
			children = (
				33019D4419758BB300CF8C30 /* Led.app */,
				33019D6519758BB400CF8C30 /* LedTests.xctest */,
			);
			name = Products;
			sourceTree = "<group>";
		};
		33019D4619758BB300CF8C30 /* Frameworks */ = {
			isa = PBXGroup;
			children = (
				33019D4719758BB300CF8C30 /* Foundation.framework */,
				33019D4919758BB300CF8C30 /* CoreGraphics.framework */,
				33019D4B19758BB300CF8C30 /* UIKit.framework */,
				33019D6619758BB400CF8C30 /* XCTest.framework */,
			);
			name = Frameworks;
			sourceTree = "<group>";
		};
		33019D4D19758BB300CF8C30 /* Led */ = {
			isa = PBXGroup;
			children = (
				33019D5619758BB300CF8C30 /* AppDelegate.h */,
				33019D5719758BB300CF8C30 /* AppDelegate.m */,
				33019D5919758BB300CF8C30 /* Main.storyboard */,
				33019D5C19758BB300CF8C30 /* ViewController.h */,
				33019D5D19758BB300CF8C30 /* ViewController.m */,
				33019D5F19758BB300CF8C30 /* Images.xcassets */,
				33019D4E19758BB300CF8C30 /* Supporting Files */,
			);
			path = Led;
			sourceTree = "<group>";
		};
		33019D4E19758BB300CF8C30 /* Supporting Files */ = {
			isa = PBXGroup;
			children = (
				33019D4F19758BB300CF8C30 /* Led-Info.plist */,
				33019D5019758BB300CF8C30 /* InfoPlist.strings */,
				33019D5319758BB300CF8C30 /* main.m */,
				33019D5519758BB300CF8C30 /* Led-Prefix.pch */,
			);
			name = "Supporting Files";
			sourceTree = "<group>";
		};
		33019D6C19758BB400CF8C30 /* LedTests */ = {
			isa = PBXGroup;
			children = (
				33019D7219758BB400CF8C30 /* LedTests.m */,
				33019D6D19758BB400CF8C30 /* Supporting Files */,
			);
			path = LedTests;
			sourceTree = "<group>";
		};
		33019D6D19758BB400CF8C30 /* Supporting Files */ = {
			isa = PBXGroup;
			children = (
				33019D6E19758BB400CF8C30 /* LedTests-Info.plist */,
				33019D6F19758BB400CF8C30 /* InfoPlist.strings */,
			);
			name = "Supporting Files";
			sourceTree = "<group>";
		};
/* End PBXGroup section */

/* Begin PBXNativeTarget section */
		33019D4319758BB300CF8C30 /* Led */ = {
			isa = PBXNativeTarget;
			buildConfigurationList = 33019D7619758BB400CF8C30 /* Build configuration list for PBXNativeTarget "Led" */;
			buildPhases = (
				33019D4019758BB300CF8C30 /* Sources */,
				33019D4119758BB300CF8C30 /* Frameworks */,
				33019D4219758BB300CF8C30 /* Resources */,
			);
			buildRules = (
			);
			dependencies = (
			);
			name = Led;
			productName = Led;
			productReference = 33019D4419758BB300CF8C30 /* Led.app */;
			productType = "com.apple.product-type.application";
		};
		33019D6419758BB400CF8C30 /* LedTests */ = {
			isa = PBXNativeTarget;
			buildConfigurationList = 33019D7919758BB400CF8C30 /* Build configuration list for PBXNativeTarget "LedTests" */;
			buildPhases = (
				33019D6119758BB400CF8C30 /* Sources */,
				33019D6219758BB400CF8C30 /* Frameworks */,
				33019D6319758BB400CF8C30 /* Resources */,
			);
			buildRules = (
			);
			dependencies = (
				33019D6B19758BB400CF8C30 /* PBXTargetDependency */,
			);
			name = LedTests;
			productName = LedTests;
			productReference = 33019D6519758BB400CF8C30 /* LedTests.xctest */;
			productType = "com.apple.product-type.bundle.unit-test";
		};
/* End PBXNativeTarget section */

/* Begin PBXProject section */
		33019D3C19758BB300CF8C30 /* Project object */ = {
			isa = PBXProject;
			attributes = {
				LastUpgradeCheck = 0510;
				ORGANIZATIONNAME = "Nguyễn Huỳnh Lâm";
				TargetAttributes = {
					33019D6419758BB400CF8C30 = {
						TestTargetID = 33019D4319758BB300CF8C30;
					};
				};
			};
			buildConfigurationList = 33019D3F19758BB300CF8C30 /* Build configuration list for PBXProject "Led" */;
			compatibilityVersion = "Xcode 3.2";
			developmentRegion = English;
			hasScannedForEncodings = 0;
			knownRegions = (
				en,
				Base,
			);
			mainGroup = 33019D3B19758BB300CF8C30;
			productRefGroup = 33019D4519758BB300CF8C30 /* Products */;
			projectDirPath = "";
			projectRoot = "";
			targets = (
				33019D4319758BB300CF8C30 /* Led */,
				33019D6419758BB400CF8C30 /* LedTests */,
			);
		};
/* End PBXProject section */

/* Begin PBXResourcesBuildPhase section */
		33019D4219758BB300CF8C30 /* Resources */ = {
			isa = PBXResourcesBuildPhase;
			buildActionMask = 2147483647;
			files = (
				33019D6019758BB300CF8C30 /* Images.xcassets in Resources */,
				33019D5219758BB300CF8C30 /* InfoPlist.strings in Resources */,
				33019D5B19758BB300CF8C30 /* Main.storyboard in Resources */,
			);
			runOnlyForDeploymentPostprocessing = 0;
		};
		33019D6319758BB400CF8C30 /* Resources */ = {
			isa = PBXResourcesBuildPhase;
			buildActionMask = 2147483647;
			files = (
				33019D7119758BB400CF8C30 /* InfoPlist.strings in Resources */,
			);
			runOnlyForDeploymentPostprocessing = 0;
		};
/* End PBXResourcesBuildPhase section */

/* Begin PBXSourcesBuildPhase section */
		33019D4019758BB300CF8C30 /* Sources */ = {
			isa = PBXSourcesBuildPhase;
			buildActionMask = 2147483647;
			files = (
				33019D5E19758BB300CF8C30 /* ViewController.m in Sources */,
				33019D5819758BB300CF8C30 /* AppDelegate.m in Sources */,
				33019D5419758BB300CF8C30 /* main.m in Sources */,
			);
			runOnlyForDeploymentPostprocessing = 0;
		};
		33019D6119758BB400CF8C30 /* Sources */ = {
			isa = PBXSourcesBuildPhase;
			buildActionMask = 2147483647;
			files = (
				33019D7319758BB400CF8C30 /* LedTests.m in Sources */,
			);
			runOnlyForDeploymentPostprocessing = 0;
		};
/* End PBXSourcesBuildPhase section */

/* Begin PBXTargetDependency section */
		33019D6B19758BB400CF8C30 /* PBXTargetDependency */ = {
			isa = PBXTargetDependency;
			target = 33019D4319758BB300CF8C30 /* Led */;
			targetProxy = 33019D6A19758BB400CF8C30 /* PBXContainerItemProxy */;
		};
/* End PBXTargetDependency section */

/* Begin PBXVariantGroup section */
		33019D5019758BB300CF8C30 /* InfoPlist.strings */ = {
			isa = PBXVariantGroup;
			children = (
				33019D5119758BB300CF8C30 /* en */,
			);
			name = InfoPlist.strings;
			sourceTree = "<group>";
		};
		33019D5919758BB300CF8C30 /* Main.storyboard */ = {
			isa = PBXVariantGroup;
			children = (
				33019D5A19758BB300CF8C30 /* Base */,
			);
			name = Main.storyboard;
			sourceTree = "<group>";
		};
		33019D6F19758BB400CF8C30 /* InfoPlist.strings */ = {
			isa = PBXVariantGroup;
			children = (
				33019D7019758BB400CF8C30 /* en */,
			);
			name = InfoPlist.strings;
			sourceTree = "<group>";
		};
/* End PBXVariantGroup section */

/* Begin XCBuildConfiguration section */
		33019D7419758BB400CF8C30 /* Debug */ = {
			isa = XCBuildConfiguration;
			buildSettings = {
				ALWAYS_SEARCH_USER_PATHS = NO;
				CLANG_CXX_LANGUAGE_STANDARD = "gnu++0x";
				CLANG_CXX_LIBRARY = "libc++";
				CLANG_ENABLE_MODULES = YES;
				CLANG_ENABLE_OBJC_ARC = YES;
				CLANG_WARN_BOOL_CONVERSION = YES;
				CLANG_WARN_CONSTANT_CONVERSION = YES;
				CLANG_WARN_DIRECT_OBJC_ISA_USAGE = YES_ERROR;
				CLANG_WARN_EMPTY_BODY = YES;
				CLANG_WARN_ENUM_CONVERSION = YES;
				CLANG_WARN_INT_CONVERSION = YES;
				CLANG_WARN_OBJC_ROOT_CLASS = YES_ERROR;
				CLANG_WARN__DUPLICATE_METHOD_MATCH = YES;
				"CODE_SIGN_IDENTITY[sdk=iphoneos*]" = "iPhone Developer";
				COPY_PHASE_STRIP = NO;
				GCC_C_LANGUAGE_STANDARD = gnu99;
				GCC_DYNAMIC_NO_PIC = NO;
				GCC_OPTIMIZATION_LEVEL = 0;
				GCC_PREPROCESSOR_DEFINITIONS = (
					"DEBUG=1",
					"$(inherited)",
				);
				GCC_SYMBOLS_PRIVATE_EXTERN = NO;
				GCC_WARN_64_TO_32_BIT_CONVERSION = YES;
				GCC_WARN_ABOUT_RETURN_TYPE = YES_ERROR;
				GCC_WARN_UNDECLARED_SELECTOR = YES;
				GCC_WARN_UNINITIALIZED_AUTOS = YES_AGGRESSIVE;
				GCC_WARN_UNUSED_FUNCTION = YES;
				GCC_WARN_UNUSED_VARIABLE = YES;
				IPHONEOS_DEPLOYMENT_TARGET = 7.1;
				ONLY_ACTIVE_ARCH = YES;
				SDKROOT = iphoneos;
			};
			name = Debug;
		};
		33019D7519758BB400CF8C30 /* Release */ = {
			isa = XCBuildConfiguration;
			buildSettings = {
				ALWAYS_SEARCH_USER_PATHS = NO;
				CLANG_CXX_LANGUAGE_STANDARD = "gnu++0x";
				CLANG_CXX_LIBRARY = "libc++";
				CLANG_ENABLE_MODULES = YES;
				CLANG_ENABLE_OBJC_ARC = YES;
				CLANG_WARN_BOOL_CONVERSION = YES;
				CLANG_WARN_CONSTANT_CONVERSION = YES;
				CLANG_WARN_DIRECT_OBJC_ISA_USAGE = YES_ERROR;
				CLANG_WARN_EMPTY_BODY = YES;
				CLANG_WARN_ENUM_CONVERSION = YES;
				CLANG_WARN_INT_CONVERSION = YES;
				CLANG_WARN_OBJC_ROOT_CLASS = YES_ERROR;
				CLANG_WARN__DUPLICATE_METHOD_MATCH = YES;
				"CODE_SIGN_IDENTITY[sdk=iphoneos*]" = "iPhone Developer";
				COPY_PHASE_STRIP = YES;
				ENABLE_NS_ASSERTIONS = NO;
				GCC_C_LANGUAGE_STANDARD = gnu99;
				GCC_WARN_64_TO_32_BIT_CONVERSION = YES;
				GCC_WARN_ABOUT_RETURN_TYPE = YES_ERROR;
				GCC_WARN_UNDECLARED_SELECTOR = YES;
				GCC_WARN_UNINITIALIZED_AUTOS = YES_AGGRESSIVE;
				GCC_WARN_UNUSED_FUNCTION = YES;
				GCC_WARN_UNUSED_VARIABLE = YES;
				IPHONEOS_DEPLOYMENT_TARGET = 7.1;
				SDKROOT = iphoneos;
				VALIDATE_PRODUCT = YES;
			};
			name = Release;
		};
		33019D7719758BB400CF8C30 /* Debug */ = {
			isa = XCBuildConfiguration;
			buildSettings = {
				ASSETCATALOG_COMPILER_APPICON_NAME = AppIcon;
				ASSETCATALOG_COMPILER_LAUNCHIMAGE_NAME = LaunchImage;
				GCC_PRECOMPILE_PREFIX_HEADER = YES;
				GCC_PREFIX_HEADER = "Led/Led-Prefix.pch";
				INFOPLIST_FILE = "Led/Led-Info.plist";
				PRODUCT_NAME = "$(TARGET_NAME)";
				WRAPPER_EXTENSION = app;
			};
			name = Debug;
		};
		33019D7819758BB400CF8C30 /* Release */ = {
			isa = XCBuildConfiguration;
			buildSettings = {
				ASSETCATALOG_COMPILER_APPICON_NAME = AppIcon;
				ASSETCATALOG_COMPILER_LAUNCHIMAGE_NAME = LaunchImage;
				GCC_PRECOMPILE_PREFIX_HEADER = YES;
				GCC_PREFIX_HEADER = "Led/Led-Prefix.pch";
				INFOPLIST_FILE = "Led/Led-Info.plist";
				PRODUCT_NAME = "$(TARGET_NAME)";
				WRAPPER_EXTENSION = app;
			};
			name = Release;
		};
		33019D7A19758BB400CF8C30 /* Debug */ = {
			isa = XCBuildConfiguration;
			buildSettings = {
				BUNDLE_LOADER = "$(BUILT_PRODUCTS_DIR)/Led.app/Led";
				FRAMEWORK_SEARCH_PATHS = (
					"$(SDKROOT)/Developer/Library/Frameworks",
					"$(inherited)",
					"$(DEVELOPER_FRAMEWORKS_DIR)",
				);
				GCC_PRECOMPILE_PREFIX_HEADER = YES;
				GCC_PREFIX_HEADER = "Led/Led-Prefix.pch";
				GCC_PREPROCESSOR_DEFINITIONS = (
					"DEBUG=1",
					"$(inherited)",
				);
				INFOPLIST_FILE = "LedTests/LedTests-Info.plist";
				PRODUCT_NAME = "$(TARGET_NAME)";
				TEST_HOST = "$(BUNDLE_LOADER)";
				WRAPPER_EXTENSION = xctest;
			};
			name = Debug;
		};
		33019D7B19758BB400CF8C30 /* Release */ = {
			isa = XCBuildConfiguration;
			buildSettings = {
				BUNDLE_LOADER = "$(BUILT_PRODUCTS_DIR)/Led.app/Led";
				FRAMEWORK_SEARCH_PATHS = (
					"$(SDKROOT)/Developer/Library/Frameworks",
					"$(inherited)",
					"$(DEVELOPER_FRAMEWORKS_DIR)",
				);
				GCC_PRECOMPILE_PREFIX_HEADER = YES;
				GCC_PREFIX_HEADER = "Led/Led-Prefix.pch";
				INFOPLIST_FILE = "LedTests/LedTests-Info.plist";
				PRODUCT_NAME = "$(TARGET_NAME)";
				TEST_HOST = "$(BUNDLE_LOADER)";
				WRAPPER_EXTENSION = xctest;
			};
			name = Release;
		};
/* End XCBuildConfiguration section */

/* Begin XCConfigurationList section */
		33019D3F19758BB300CF8C30 /* Build configuration list for PBXProject "Led" */ = {
			isa = XCConfigurationList;
			buildConfigurations = (
				33019D7419758BB400CF8C30 /* Debug */,
				33019D7519758BB400CF8C30 /* Release */,
			);
			defaultConfigurationIsVisible = 0;
			defaultConfigurationName = Release;
		};
		33019D7619758BB400CF8C30 /* Build configuration list for PBXNativeTarget "Led" */ = {
			isa = XCConfigurationList;
			buildConfigurations = (
				33019D7719758BB400CF8C30 /* Debug */,
				33019D7819758BB400CF8C30 /* Release */,
			);
			defaultConfigurationIsVisible = 0;
		};
		33019D7919758BB400CF8C30 /* Build configuration list for PBXNativeTarget "LedTests" */ = {
			isa = XCConfigurationList;
			buildConfigurations = (
				33019D7A19758BB400CF8C30 /* Debug */,
				33019D7B19758BB400CF8C30 /* Release */,
			);
			defaultConfigurationIsVisible = 0;
		};
/* End XCConfigurationList section */
	};
	rootObject = 33019D3C19758BB300CF8C30 /* Project object */;
}
